
Microsoft Visual Studio Solution File, Format Version 12.00
# Visual Studio 15
VisualStudioVersion = 15.0.28010.2041
MinimumVisualStudioVersion = 10.0.40219.1
Project("{FAE04EC0-301F-11D3-BF4B-00C04F79EFBC}") = "AzureTablePurger", "AzureTablePurger\AzureTablePurger.csproj", "{7C6C47B3-323B-4F6A-826C-08767E32F173}"
EndProject
Global
	GlobalSection(SolutionConfigurationPlatforms) = preSolution
		Debug|Any CPU = Debug|Any CPU
		Release|Any CPU = Release|Any CPU
	EndGlobalSection
	GlobalSection(ProjectConfigurationPlatforms) = postSolution
		{7C6C47B3-323B-4F6A-826C-08767E32F173}.Debug|Any CPU.ActiveCfg = Debug|Any CPU
		{7C6C47B3-323B-4F6A-826C-08767E32F173}.Debug|Any CPU.Build.0 = Debug|Any CPU
		{7C6C47B3-323B-4F6A-826C-08767E32F173}.Release|Any CPU.ActiveCfg = Release|Any CPU
		{7C6C47B3-323B-4F6A-826C-08767E32F173}.Release|Any CPU.Build.0 = Release|Any CPU
	EndGlobalSection
	GlobalSection(SolutionProperties) = preSolution
		HideSolutionNode = FALSE
	EndGlobalSection
	GlobalSection(ExtensibilityGlobals) = postSolution
		SolutionGuid = {6D3E08B9-B739-46F4-9ADA-B85C7A0C0ECD}
	EndGlobalSection
EndGlobal
